{
  "name": "two-headed-hydra",
  "version": "0.0.0",
  "lockfileVersion": 2,
  "requires": true,
  "packages": {
    "": {
      "version": "0.0.0",
      "dependencies": {
        "@codemirror/autocomplete": "^6.2.0",
        "@codemirror/commands": "^6.1.0",
        "@codemirror/comment": "^0.19.1",
        "@codemirror/lang-javascript": "^6.0.2",
        "@codemirror/search": "^6.2.0",
        "@codemirror/theme-one-dark": "^6.1.0",
        "@lezer/highlight": "^1.0.0",
        "codemirror": "^6.0.1",
        "hydra-ts": "^1.0.0",
        "regl": "^2.1.0"
      },
      "devDependencies": {
        "@types/codemirror": "^5.60.5",
        "@types/node": "^18.7.18",
        "typescript": "^4.6.4",
        "vite": "^3.1.0"
      }
    },
    "node_modules/@codemirror/autocomplete": {
      "version": "6.2.0",
      "resolved": "https://registry.npmjs.org/@codemirror/autocomplete/-/autocomplete-6.2.0.tgz",
      "integrity": "sha512-yNCm2CEE4kE4L2Sf7WeyCej1Q3951ccaCWfomrlBkoERKCss+TzuEeqGe5VnAJTEybLy1yzf1BdMUY/988bfpg==",
      "license": "MIT",
      "dependencies": {
        "@codemirror/language": "^6.0.0",
        "@codemirror/state": "^6.0.0",
        "@codemirror/view": "^6.0.0",
        "@lezer/common": "^1.0.0"
      },
      "peerDependencies": {
        "@codemirror/language": "^6.0.0",
        "@codemirror/state": "^6.0.0",
        "@codemirror/view": "^6.0.0",
        "@lezer/common": "^1.0.0"
      }
    },
    "node_modules/@codemirror/commands": {
      "version": "6.1.0",
      "resolved": "https://registry.npmjs.org/@codemirror/commands/-/commands-6.1.0.tgz",
      "integrity": "sha512-qCj2YqmbBjj0P1iumnlL5lBqZvJPzT+t2UvgjcaXErp5ZvMqFRVgQyrEfdXX6SX5UcvcHKBjXqno+MkUp0aYvQ==",
      "license": "MIT",
      "dependencies": {
        "@codemirror/language": "^6.0.0",
        "@codemirror/state": "^6.0.0",
        "@codemirror/view": "^6.0.0",
        "@lezer/common": "^1.0.0"
      }
    },
    "node_modules/@codemirror/comment": {
      "version": "0.19.1",
      "resolved": "https://registry.npmjs.org/@codemirror/comment/-/comment-0.19.1.tgz",
      "integrity": "sha512-uGKteBuVWAC6fW+Yt8u27DOnXMT/xV4Ekk2Z5mRsiADCZDqYvryrJd6PLL5+8t64BVyocwQwNfz1UswYS2CtFQ==",
      "license": "MIT",
      "dependencies": {
        "@codemirror/state": "^0.19.9",
        "@codemirror/text": "^0.19.0",
        "@codemirror/view": "^0.19.0"
      }
    },
    "node_modules/@codemirror/comment/node_modules/@codemirror/state": {
      "version": "0.19.9",
      "resolved": "https://registry.npmjs.org/@codemirror/state/-/state-0.19.9.tgz",
      "integrity": "sha512-psOzDolKTZkx4CgUqhBQ8T8gBc0xN5z4gzed109aF6x7D7umpDRoimacI/O6d9UGuyl4eYuDCZmDFr2Rq7aGOw==",
      "license": "MIT",
      "dependencies": {
        "@codemirror/text": "^0.19.0"
      }
    },
    "node_modules/@codemirror/comment/node_modules/@codemirror/view": {
      "version": "0.19.48",
      "resolved": "https://registry.npmjs.org/@codemirror/view/-/view-0.19.48.tgz",
      "integrity": "sha512-0eg7D2Nz4S8/caetCTz61rK0tkHI17V/d15Jy0kLOT8dTLGGNJUponDnW28h2B6bERmPlVHKh8MJIr5OCp1nGw==",
      "license": "MIT",
      "dependencies": {
        "@codemirror/rangeset": "^0.19.5",
        "@codemirror/state": "^0.19.3",
        "@codemirror/text": "^0.19.0",
        "style-mod": "^4.0.0",
        "w3c-keyname": "^2.2.4"
      }
    },
    "node_modules/@codemirror/lang-javascript": {
      "version": "6.0.2",
      "resolved": "https://registry.npmjs.org/@codemirror/lang-javascript/-/lang-javascript-6.0.2.tgz",
      "integrity": "sha512-BZRJ9u/zl16hLkSpDAWm73mrfIR7HJrr0lvnhoSOCQVea5BglguWI/slxexhvUb0CB5cXgKWuo2bM+N9EhIaZw==",
      "license": "MIT",
      "dependencies": {
        "@codemirror/autocomplete": "^6.0.0",
        "@codemirror/language": "^6.0.0",
        "@codemirror/lint": "^6.0.0",
        "@codemirror/state": "^6.0.0",
        "@codemirror/view": "^6.0.0",
        "@lezer/common": "^1.0.0",
        "@lezer/javascript": "^1.0.0"
      }
    },
    "node_modules/@codemirror/language": {
      "version": "6.2.1",
      "resolved": "https://registry.npmjs.org/@codemirror/language/-/language-6.2.1.tgz",
      "integrity": "sha512-MC3svxuvIj0MRpFlGHxLS6vPyIdbTr2KKPEW46kCoCXw2ktb4NTkpkPBI/lSP/FoNXLCBJ0mrnUi1OoZxtpW1Q==",
      "license": "MIT",
      "dependencies": {
        "@codemirror/state": "^6.0.0",
        "@codemirror/view": "^6.0.0",
        "@lezer/common": "^1.0.0",
        "@lezer/highlight": "^1.0.0",
        "@lezer/lr": "^1.0.0",
        "style-mod": "^4.0.0"
      }
    },
    "node_modules/@codemirror/lint": {
      "version": "6.0.0",
      "resolved": "https://registry.npmjs.org/@codemirror/lint/-/lint-6.0.0.tgz",
      "integrity": "sha512-nUUXcJW1Xp54kNs+a1ToPLK8MadO0rMTnJB8Zk4Z8gBdrN0kqV7uvUraU/T2yqg+grDNR38Vmy/MrhQN/RgwiA==",
      "license": "MIT",
      "dependencies": {
        "@codemirror/state": "^6.0.0",
        "@codemirror/view": "^6.0.0",
        "crelt": "^1.0.5"
      }
    },
    "node_modules/@codemirror/rangeset": {
      "version": "0.19.9",
      "resolved": "https://registry.npmjs.org/@codemirror/rangeset/-/rangeset-0.19.9.tgz",
      "integrity": "sha512-V8YUuOvK+ew87Xem+71nKcqu1SXd5QROMRLMS/ljT5/3MCxtgrRie1Cvild0G/Z2f1fpWxzX78V0U4jjXBorBQ==",
      "license": "MIT",
      "dependencies": {
        "@codemirror/state": "^0.19.0"
      }
    },
    "node_modules/@codemirror/rangeset/node_modules/@codemirror/state": {
      "version": "0.19.9",
      "resolved": "https://registry.npmjs.org/@codemirror/state/-/state-0.19.9.tgz",
      "integrity": "sha512-psOzDolKTZkx4CgUqhBQ8T8gBc0xN5z4gzed109aF6x7D7umpDRoimacI/O6d9UGuyl4eYuDCZmDFr2Rq7aGOw==",
      "license": "MIT",
      "dependencies": {
        "@codemirror/text": "^0.19.0"
      }
    },
    "node_modules/@codemirror/search": {
      "version": "6.2.0",
      "resolved": "https://registry.npmjs.org/@codemirror/search/-/search-6.2.0.tgz",
      "integrity": "sha512-FVhpUvPFUJe8lg2EQJTTcF4RNI9d/OC3PVitvOfhv5OuY7ZgtMfJl22o5eMkzOEsUY2Wxe7BKGLpe2UI5Wq3PQ==",
      "license": "MIT",
      "dependencies": {
        "@codemirror/state": "^6.0.0",
        "@codemirror/view": "^6.0.0",
        "crelt": "^1.0.5"
      }
    },
    "node_modules/@codemirror/state": {
      "version": "6.1.1",
      "resolved": "https://registry.npmjs.org/@codemirror/state/-/state-6.1.1.tgz",
      "integrity": "sha512-2s+aXsxmAwnR3Rd+JDHPG/1lw0YsA9PEwl7Re88gHJHGfxyfEzKBmsN4rr53RyPIR4lzbbhJX0DCq0WlqlBIRw==",
      "license": "MIT"
    },
    "node_modules/@codemirror/text": {
      "version": "0.19.6",
      "resolved": "https://registry.npmjs.org/@codemirror/text/-/text-0.19.6.tgz",
      "integrity": "sha512-T9jnREMIygx+TPC1bOuepz18maGq/92q2a+n4qTqObKwvNMg+8cMTslb8yxeEDEq7S3kpgGWxgO1UWbQRij0dA==",
      "license": "MIT"
    },
    "node_modules/@codemirror/theme-one-dark": {
      "version": "6.1.0",
      "resolved": "https://registry.npmjs.org/@codemirror/theme-one-dark/-/theme-one-dark-6.1.0.tgz",
      "integrity": "sha512-AiTHtFRu8+vWT9wWUWDM+cog6ZwgivJogB1Tm/g40NIpLwph7AnmxrSzWfvJN5fBVufsuwBxecQCNmdcR5D7Aw==",
      "license": "MIT",
      "dependencies": {
        "@codemirror/language": "^6.0.0",
        "@codemirror/state": "^6.0.0",
        "@codemirror/view": "^6.0.0",
        "@lezer/highlight": "^1.0.0"
      }
    },
    "node_modules/@codemirror/view": {
      "version": "6.2.4",
      "resolved": "https://registry.npmjs.org/@codemirror/view/-/view-6.2.4.tgz",
      "integrity": "sha512-Zc5qDv+CD2ubWs6ShGJL0tf4y2w5vObdg7Eus0ouhg9g5lrvsAnwO9PvavDZdK4bpH6O+cnNDRhFlvDuieXo/g==",
      "license": "MIT",
      "dependencies": {
        "@codemirror/state": "^6.0.0",
        "style-mod": "^4.0.0",
        "w3c-keyname": "^2.2.4"
      }
    },
    "node_modules/@lezer/common": {
      "version": "1.0.1",
      "resolved": "https://registry.npmjs.org/@lezer/common/-/common-1.0.1.tgz",
      "integrity": "sha512-8TR5++Q/F//tpDsLd5zkrvEX5xxeemafEaek7mUp7Y+bI8cKQXdSqhzTOBaOogETcMOVr0pT3BBPXp13477ciw==",
      "license": "MIT"
    },
    "node_modules/@lezer/highlight": {
      "version": "1.0.0",
      "resolved": "https://registry.npmjs.org/@lezer/highlight/-/highlight-1.0.0.tgz",
      "integrity": "sha512-nsCnNtim90UKsB5YxoX65v3GEIw3iCHw9RM2DtdgkiqAbKh9pCdvi8AWNwkYf10Lu6fxNhXPpkpHbW6mihhvJA==",
      "license": "MIT",
      "dependencies": {
        "@lezer/common": "^1.0.0"
      }
    },
    "node_modules/@lezer/javascript": {
      "version": "1.0.2",
      "resolved": "https://registry.npmjs.org/@lezer/javascript/-/javascript-1.0.2.tgz",
      "integrity": "sha512-IjOVeIRhM8IuafWNnk+UzRz7p4/JSOKBNINLYLsdSGuJS9Ju7vFdc82AlTt0jgtV5D8eBZf4g0vK4d3ttBNz7A==",
      "license": "MIT",
      "dependencies": {
        "@lezer/highlight": "^1.0.0",
        "@lezer/lr": "^1.0.0"
      }
    },
    "node_modules/@lezer/lr": {
      "version": "1.2.3",
      "resolved": "https://registry.npmjs.org/@lezer/lr/-/lr-1.2.3.tgz",
      "integrity": "sha512-qpB7rBzH8f6Mzjv2AVZRahcm+2Cf7nbIH++uXbvVOL1yIRvVWQ3HAM/saeBLCyz/togB7LGo76qdJYL1uKQlqA==",
      "license": "MIT",
      "dependencies": {
        "@lezer/common": "^1.0.0"
      }
    },
    "node_modules/@types/codemirror": {
      "version": "5.60.5",
      "resolved": "https://registry.npmjs.org/@types/codemirror/-/codemirror-5.60.5.tgz",
      "integrity": "sha512-TiECZmm8St5YxjFUp64LK0c8WU5bxMDt9YaAek1UqUb9swrSCoJhh92fWu1p3mTEqlHjhB5sY7OFBhWroJXZVg==",
      "dev": true,
      "license": "MIT",
      "dependencies": {
        "@types/tern": "*"
      }
    },
    "node_modules/@types/estree": {
      "version": "1.0.0",
      "resolved": "https://registry.npmjs.org/@types/estree/-/estree-1.0.0.tgz",
      "integrity": "sha512-WulqXMDUTYAXCjZnk6JtIHPigp55cVtDgDrO2gHRwhyJto21+1zbVCtOYB2L1F9w4qCQ0rOGWBnBe0FNTiEJIQ==",
      "dev": true,
      "license": "MIT"
    },
    "node_modules/@types/node": {
      "version": "18.7.18",
      "resolved": "https://registry.npmjs.org/@types/node/-/node-18.7.18.tgz",
      "integrity": "sha512-m+6nTEOadJZuTPkKR/SYK3A2d7FZrgElol9UP1Kae90VVU4a6mxnPuLiIW1m4Cq4gZ/nWb9GrdVXJCoCazDAbg==",
      "dev": true
    },
    "node_modules/@types/tern": {
      "version": "0.23.4",
      "resolved": "https://registry.npmjs.org/@types/tern/-/tern-0.23.4.tgz",
      "integrity": "sha512-JAUw1iXGO1qaWwEOzxTKJZ/5JxVeON9kvGZ/osgZaJImBnyjyn0cjovPsf6FNLmyGY8Vw9DoXZCMlfMkMwHRWg==",
      "dev": true,
      "license": "MIT",
      "dependencies": {
        "@types/estree": "*"
      }
    },
    "node_modules/codemirror": {
      "version": "6.0.1",
      "resolved": "https://registry.npmjs.org/codemirror/-/codemirror-6.0.1.tgz",
      "integrity": "sha512-J8j+nZ+CdWmIeFIGXEFbFPtpiYacFMDR8GlHK3IyHQJMCaVRfGx9NT+Hxivv1ckLWPvNdZqndbr/7lVhrf/Svg==",
      "license": "MIT",
      "dependencies": {
        "@codemirror/autocomplete": "^6.0.0",
        "@codemirror/commands": "^6.0.0",
        "@codemirror/language": "^6.0.0",
        "@codemirror/lint": "^6.0.0",
        "@codemirror/search": "^6.0.0",
        "@codemirror/state": "^6.0.0",
        "@codemirror/view": "^6.0.0"
      }
    },
    "node_modules/crelt": {
      "version": "1.0.5",
      "resolved": "https://registry.npmjs.org/crelt/-/crelt-1.0.5.tgz",
      "integrity": "sha512-+BO9wPPi+DWTDcNYhr/W90myha8ptzftZT+LwcmUbbok0rcP/fequmFYCw8NMoH7pkAZQzU78b3kYrlua5a9eA==",
      "license": "MIT"
    },
    "node_modules/function-bind": {
      "version": "1.1.1",
      "resolved": "https://registry.npmjs.org/function-bind/-/function-bind-1.1.1.tgz",
      "integrity": "sha512-yIovAzMX49sF8Yl58fSCWJ5svSLuaibPxXQJFLmBObTuCr0Mf1KiPopGM9NiFjiYBCbfaa2Fh6breQ6ANVTI0A==",
      "dev": true,
      "license": "MIT"
    },
    "node_modules/has": {
      "version": "1.0.3",
      "resolved": "https://registry.npmjs.org/has/-/has-1.0.3.tgz",
      "integrity": "sha512-f2dvO0VU6Oej7RkWJGrehjbzMAjFp5/VKPp5tTpWIV4JHHZK1/BxbFRtf/siA2SWTe09caDmVtYYzWEIbBS4zw==",
      "dev": true,
      "license": "MIT",
      "dependencies": {
        "function-bind": "^1.1.1"
      },
      "engines": {
        "node": ">= 0.4.0"
      }
    },
    "node_modules/hydra-ts": {
      "version": "1.0.0",
      "resolved": "https://registry.npmjs.org/hydra-ts/-/hydra-ts-1.0.0.tgz",
      "integrity": "sha512-qJXbIogzOXL8GIJauggAuuwPSqKdWsjlpHQ+oJt+dUo2bbRuvwFRQHAXld0BKU6a+9dZ2Kw2EWLyUi8pPKt13Q==",
      "license": "AGPL",
      "dependencies": {
        "regl": "^1.3.9"
      }
    },
    "node_modules/hydra-ts/node_modules/regl": {
      "version": "1.7.0",
      "resolved": "https://registry.npmjs.org/regl/-/regl-1.7.0.tgz",
      "integrity": "sha512-bEAtp/qrtKucxXSJkD4ebopFZYP0q1+3Vb2WECWv/T8yQEgKxDxJ7ztO285tAMaYZVR6mM1GgI6CCn8FROtL1w==",
      "license": "MIT"
    },
    "node_modules/is-core-module": {
      "version": "2.10.0",
      "resolved": "https://registry.npmjs.org/is-core-module/-/is-core-module-2.10.0.tgz",
      "integrity": "sha512-Erxj2n/LDAZ7H8WNJXd9tw38GYM3dv8rk8Zcs+jJuxYTW7sozH+SS8NtrSjVL1/vpLvWi1hxy96IzjJ3EHTJJg==",
      "dev": true,
      "license": "MIT",
      "dependencies": {
        "has": "^1.0.3"
      },
      "funding": {
        "url": "https://github.com/sponsors/ljharb"
      }
    },
    "node_modules/nanoid": {
      "version": "3.3.4",
      "resolved": "https://registry.npmjs.org/nanoid/-/nanoid-3.3.4.tgz",
      "integrity": "sha512-MqBkQh/OHTS2egovRtLk45wEyNXwF+cokD+1YPf9u5VfJiRdAiRwB2froX5Co9Rh20xs4siNPm8naNotSD6RBw==",
      "dev": true,
      "license": "MIT",
      "bin": {
        "nanoid": "bin/nanoid.cjs"
      },
      "engines": {
        "node": "^10 || ^12 || ^13.7 || ^14 || >=15.0.1"
      }
    },
    "node_modules/path-parse": {
      "version": "1.0.7",
      "resolved": "https://registry.npmjs.org/path-parse/-/path-parse-1.0.7.tgz",
      "integrity": "sha512-LDJzPVEEEPR+y48z93A0Ed0yXb8pAByGWo/k5YYdYgpY2/2EsOsksJrq7lOHxryrVOn1ejG6oAp8ahvOIQD8sw==",
      "dev": true,
      "license": "MIT"
    },
    "node_modules/picocolors": {
      "version": "1.0.0",
      "resolved": "https://registry.npmjs.org/picocolors/-/picocolors-1.0.0.tgz",
      "integrity": "sha512-1fygroTLlHu66zi26VoTDv8yRgm0Fccecssto+MhsZ0D/DGW2sm8E8AjW7NU5VVTRt5GxbeZ5qBuJr+HyLYkjQ==",
      "dev": true,
      "license": "ISC"
    },
    "node_modules/postcss": {
      "version": "8.4.16",
      "resolved": "https://registry.npmjs.org/postcss/-/postcss-8.4.16.tgz",
      "integrity": "sha512-ipHE1XBvKzm5xI7hiHCZJCSugxvsdq2mPnsq5+UF+VHCjiBvtDrlxJfMBToWaP9D5XlgNmcFGqoHmUn0EYEaRQ==",
      "dev": true,
      "funding": [
        {
          "type": "opencollective",
          "url": "https://opencollective.com/postcss/"
        },
        {
          "type": "tidelift",
          "url": "https://tidelift.com/funding/github/npm/postcss"
        }
      ],
      "license": "MIT",
      "dependencies": {
        "nanoid": "^3.3.4",
        "picocolors": "^1.0.0",
        "source-map-js": "^1.0.2"
      },
      "engines": {
        "node": "^10 || ^12 || >=14"
      }
    },
    "node_modules/regl": {
      "version": "2.1.0",
      "resolved": "https://registry.npmjs.org/regl/-/regl-2.1.0.tgz",
      "integrity": "sha512-oWUce/aVoEvW5l2V0LK7O5KJMzUSKeiOwFuJehzpSFd43dO5spP9r+sSUfhKtsky4u6MCqWJaRL+abzExynfTg==",
      "license": "MIT"
    },
    "node_modules/resolve": {
      "version": "1.22.1",
      "resolved": "https://registry.npmjs.org/resolve/-/resolve-1.22.1.tgz",
      "integrity": "sha512-nBpuuYuY5jFsli/JIs1oldw6fOQCBioohqWZg/2hiaOybXOft4lonv85uDOKXdf8rhyK159cxU5cDcK/NKk8zw==",
      "dev": true,
      "license": "MIT",
      "dependencies": {
        "is-core-module": "^2.9.0",
        "path-parse": "^1.0.7",
        "supports-preserve-symlinks-flag": "^1.0.0"
      },
      "bin": {
        "resolve": "bin/resolve"
      },
      "funding": {
        "url": "https://github.com/sponsors/ljharb"
      }
    },
    "node_modules/rollup": {
      "version": "2.78.1",
      "resolved": "https://registry.npmjs.org/rollup/-/rollup-2.78.1.tgz",
      "integrity": "sha512-VeeCgtGi4P+o9hIg+xz4qQpRl6R401LWEXBmxYKOV4zlF82lyhgh2hTZnheFUbANE8l2A41F458iwj2vEYaXJg==",
      "dev": true,
      "license": "MIT",
      "bin": {
        "rollup": "dist/bin/rollup"
      },
      "engines": {
        "node": ">=10.0.0"
      },
      "optionalDependencies": {
        "fsevents": "~2.3.2"
      }
    },
    "node_modules/source-map-js": {
      "version": "1.0.2",
      "resolved": "https://registry.npmjs.org/source-map-js/-/source-map-js-1.0.2.tgz",
      "integrity": "sha512-R0XvVJ9WusLiqTCEiGCmICCMplcCkIwwR11mOSD9CR5u+IXYdiseeEuXCVAjS54zqwkLcPNnmU4OeJ6tUrWhDw==",
      "dev": true,
      "license": "BSD-3-Clause",
      "engines": {
        "node": ">=0.10.0"
      }
    },
    "node_modules/style-mod": {
      "version": "4.0.0",
      "resolved": "https://registry.npmjs.org/style-mod/-/style-mod-4.0.0.tgz",
      "integrity": "sha512-OPhtyEjyyN9x3nhPsu76f52yUGXiZcgvsrFVtvTkyGRQJ0XK+GPc6ov1z+lRpbeabka+MYEQxOYRnt5nF30aMw==",
      "license": "MIT"
    },
    "node_modules/supports-preserve-symlinks-flag": {
      "version": "1.0.0",
      "resolved": "https://registry.npmjs.org/supports-preserve-symlinks-flag/-/supports-preserve-symlinks-flag-1.0.0.tgz",
      "integrity": "sha512-ot0WnXS9fgdkgIcePe6RHNk1WA8+muPa6cSjeR3V8K27q9BB1rTE3R1p7Hv0z1ZyAc8s6Vvv8DIyWf681MAt0w==",
      "dev": true,
      "license": "MIT",
      "engines": {
        "node": ">= 0.4"
      },
      "funding": {
        "url": "https://github.com/sponsors/ljharb"
      }
    },
    "node_modules/typescript": {
      "version": "4.8.3",
      "resolved": "https://registry.npmjs.org/typescript/-/typescript-4.8.3.tgz",
      "integrity": "sha512-goMHfm00nWPa8UvR/CPSvykqf6dVV8x/dp0c5mFTMTIu0u0FlGWRioyy7Nn0PGAdHxpJZnuO/ut+PpQ8UiHAig==",
      "dev": true,
      "license": "Apache-2.0",
      "bin": {
        "tsc": "bin/tsc",
        "tsserver": "bin/tsserver"
      },
      "engines": {
        "node": ">=4.2.0"
      }
    },
    "node_modules/vite": {
      "version": "3.1.3",
      "resolved": "https://registry.npmjs.org/vite/-/vite-3.1.3.tgz",
      "integrity": "sha512-/3XWiktaopByM5bd8dqvHxRt5EEgRikevnnrpND0gRfNkrMrPaGGexhtLCzv15RcCMtV2CLw+BPas8YFeSG0KA==",
      "dev": true,
      "license": "MIT",
      "dependencies": {
        "esbuild": "^0.15.6",
        "postcss": "^8.4.16",
        "resolve": "^1.22.1",
        "rollup": "~2.78.0"
      },
      "bin": {
        "vite": "bin/vite.js"
      },
      "engines": {
        "node": "^14.18.0 || >=16.0.0"
      },
      "optionalDependencies": {
        "fsevents": "~2.3.2"
      },
      "peerDependencies": {
        "less": "*",
        "sass": "*",
        "stylus": "*",
        "terser": "^5.4.0"
      },
      "peerDependenciesMeta": {
        "less": {
          "optional": true
        },
        "sass": {
          "optional": true
        },
        "stylus": {
          "optional": true
        },
        "terser": {
          "optional": true
        }
      }
    },
    "node_modules/vite/node_modules/esbuild": {
      "version": "0.15.8",
      "resolved": "https://registry.npmjs.org/esbuild/-/esbuild-0.15.8.tgz",
      "integrity": "sha512-Remsk2dmr1Ia65sU+QasE6svJbsHe62lzR+CnjpUvbZ+uSYo1SitiOWPRfZQkCu82YWZBBKXiD/j0i//XWMZ+Q==",
      "dev": true,
      "hasInstallScript": true,
      "license": "MIT",
      "bin": {
        "esbuild": "bin/esbuild"
      },
      "engines": {
        "node": ">=12"
      },
      "optionalDependencies": {
        "@esbuild/android-arm": "0.15.8",
        "@esbuild/linux-loong64": "0.15.8",
        "esbuild-android-64": "0.15.8",
        "esbuild-android-arm64": "0.15.8",
        "esbuild-darwin-64": "0.15.8",
        "esbuild-darwin-arm64": "0.15.8",
        "esbuild-freebsd-64": "0.15.8",
        "esbuild-freebsd-arm64": "0.15.8",
        "esbuild-linux-32": "0.15.8",
        "esbuild-linux-64": "0.15.8",
        "esbuild-linux-arm": "0.15.8",
        "esbuild-linux-arm64": "0.15.8",
        "esbuild-linux-mips64le": "0.15.8",
        "esbuild-linux-ppc64le": "0.15.8",
        "esbuild-linux-riscv64": "0.15.8",
        "esbuild-linux-s390x": "0.15.8",
        "esbuild-netbsd-64": "0.15.8",
        "esbuild-openbsd-64": "0.15.8",
        "esbuild-sunos-64": "0.15.8",
        "esbuild-windows-32": "0.15.8",
        "esbuild-windows-64": "0.15.8",
        "esbuild-windows-arm64": "0.15.8"
      }
    },
    "node_modules/vite/node_modules/esbuild-windows-64": {
      "version": "0.15.8",
      "resolved": "https://registry.npmjs.org/esbuild-windows-64/-/esbuild-windows-64-0.15.8.tgz",
      "integrity": "sha512-ag9ptYrsizgsR+PQE8QKeMqnosLvAMonQREpLw4evA4FFgOBMLEat/dY/9txbpozTw9eEOYyD3a4cE9yTu20FA==",
      "cpu": [
        "x64"
      ],
      "dev": true,
      "license": "MIT",
      "optional": true,
      "os": [
        "win32"
      ],
      "engines": {
        "node": ">=12"
      }
    },
    "node_modules/w3c-keyname": {
      "version": "2.2.6",
      "resolved": "https://registry.npmjs.org/w3c-keyname/-/w3c-keyname-2.2.6.tgz",
      "integrity": "sha512-f+fciywl1SJEniZHD6H+kUO8gOnwIr7f4ijKA6+ZvJFjeGi1r4PDLl53Ayud9O/rk64RqgoQine0feoeOU0kXg==",
      "license": "MIT"
    }
  },
  "dependencies": {
    "@codemirror/autocomplete": {
      "version": "6.2.0",
      "resolved": "https://registry.npmjs.org/@codemirror/autocomplete/-/autocomplete-6.2.0.tgz",
      "integrity": "sha512-yNCm2CEE4kE4L2Sf7WeyCej1Q3951ccaCWfomrlBkoERKCss+TzuEeqGe5VnAJTEybLy1yzf1BdMUY/988bfpg==",
      "requires": {
        "@codemirror/language": "^6.0.0",
        "@codemirror/state": "^6.0.0",
        "@codemirror/view": "^6.0.0",
        "@lezer/common": "^1.0.0"
      }
    },
    "@codemirror/commands": {
      "version": "6.1.0",
      "resolved": "https://registry.npmjs.org/@codemirror/commands/-/commands-6.1.0.tgz",
      "integrity": "sha512-qCj2YqmbBjj0P1iumnlL5lBqZvJPzT+t2UvgjcaXErp5ZvMqFRVgQyrEfdXX6SX5UcvcHKBjXqno+MkUp0aYvQ==",
      "requires": {
        "@codemirror/language": "^6.0.0",
        "@codemirror/state": "^6.0.0",
        "@codemirror/view": "^6.0.0",
        "@lezer/common": "^1.0.0"
      }
    },
    "@codemirror/comment": {
      "version": "0.19.1",
      "resolved": "https://registry.npmjs.org/@codemirror/comment/-/comment-0.19.1.tgz",
      "integrity": "sha512-uGKteBuVWAC6fW+Yt8u27DOnXMT/xV4Ekk2Z5mRsiADCZDqYvryrJd6PLL5+8t64BVyocwQwNfz1UswYS2CtFQ==",
      "requires": {
        "@codemirror/state": "^0.19.9",
        "@codemirror/text": "^0.19.0",
        "@codemirror/view": "^0.19.0"
      },
      "dependencies": {
        "@codemirror/state": {
          "version": "0.19.9",
          "resolved": "https://registry.npmjs.org/@codemirror/state/-/state-0.19.9.tgz",
          "integrity": "sha512-psOzDolKTZkx4CgUqhBQ8T8gBc0xN5z4gzed109aF6x7D7umpDRoimacI/O6d9UGuyl4eYuDCZmDFr2Rq7aGOw==",
          "requires": {
            "@codemirror/text": "^0.19.0"
          }
        },
        "@codemirror/view": {
          "version": "0.19.48",
          "resolved": "https://registry.npmjs.org/@codemirror/view/-/view-0.19.48.tgz",
          "integrity": "sha512-0eg7D2Nz4S8/caetCTz61rK0tkHI17V/d15Jy0kLOT8dTLGGNJUponDnW28h2B6bERmPlVHKh8MJIr5OCp1nGw==",
          "requires": {
            "@codemirror/rangeset": "^0.19.5",
            "@codemirror/state": "^0.19.3",
            "@codemirror/text": "^0.19.0",
            "style-mod": "^4.0.0",
            "w3c-keyname": "^2.2.4"
          }
        }
      }
    },
    "@codemirror/lang-javascript": {
      "version": "6.0.2",
      "resolved": "https://registry.npmjs.org/@codemirror/lang-javascript/-/lang-javascript-6.0.2.tgz",
      "integrity": "sha512-BZRJ9u/zl16hLkSpDAWm73mrfIR7HJrr0lvnhoSOCQVea5BglguWI/slxexhvUb0CB5cXgKWuo2bM+N9EhIaZw==",
      "requires": {
        "@codemirror/autocomplete": "^6.0.0",
        "@codemirror/language": "^6.0.0",
        "@codemirror/lint": "^6.0.0",
        "@codemirror/state": "^6.0.0",
        "@codemirror/view": "^6.0.0",
        "@lezer/common": "^1.0.0",
        "@lezer/javascript": "^1.0.0"
      }
    },
    "@codemirror/language": {
      "version": "6.2.1",
      "resolved": "https://registry.npmjs.org/@codemirror/language/-/language-6.2.1.tgz",
      "integrity": "sha512-MC3svxuvIj0MRpFlGHxLS6vPyIdbTr2KKPEW46kCoCXw2ktb4NTkpkPBI/lSP/FoNXLCBJ0mrnUi1OoZxtpW1Q==",
      "requires": {
        "@codemirror/state": "^6.0.0",
        "@codemirror/view": "^6.0.0",
        "@lezer/common": "^1.0.0",
        "@lezer/highlight": "^1.0.0",
        "@lezer/lr": "^1.0.0",
        "style-mod": "^4.0.0"
      }
    },
    "@codemirror/lint": {
      "version": "6.0.0",
      "resolved": "https://registry.npmjs.org/@codemirror/lint/-/lint-6.0.0.tgz",
      "integrity": "sha512-nUUXcJW1Xp54kNs+a1ToPLK8MadO0rMTnJB8Zk4Z8gBdrN0kqV7uvUraU/T2yqg+grDNR38Vmy/MrhQN/RgwiA==",
      "requires": {
        "@codemirror/state": "^6.0.0",
        "@codemirror/view": "^6.0.0",
        "crelt": "^1.0.5"
      }
    },
    "@codemirror/rangeset": {
      "version": "0.19.9",
      "resolved": "https://registry.npmjs.org/@codemirror/rangeset/-/rangeset-0.19.9.tgz",
      "integrity": "sha512-V8YUuOvK+ew87Xem+71nKcqu1SXd5QROMRLMS/ljT5/3MCxtgrRie1Cvild0G/Z2f1fpWxzX78V0U4jjXBorBQ==",
      "requires": {
        "@codemirror/state": "^0.19.0"
      },
      "dependencies": {
        "@codemirror/state": {
          "version": "0.19.9",
          "resolved": "https://registry.npmjs.org/@codemirror/state/-/state-0.19.9.tgz",
          "integrity": "sha512-psOzDolKTZkx4CgUqhBQ8T8gBc0xN5z4gzed109aF6x7D7umpDRoimacI/O6d9UGuyl4eYuDCZmDFr2Rq7aGOw==",
          "requires": {
            "@codemirror/text": "^0.19.0"
          }
        }
      }
    },
    "@codemirror/search": {
      "version": "6.2.0",
      "resolved": "https://registry.npmjs.org/@codemirror/search/-/search-6.2.0.tgz",
      "integrity": "sha512-FVhpUvPFUJe8lg2EQJTTcF4RNI9d/OC3PVitvOfhv5OuY7ZgtMfJl22o5eMkzOEsUY2Wxe7BKGLpe2UI5Wq3PQ==",
      "requires": {
        "@codemirror/state": "^6.0.0",
        "@codemirror/view": "^6.0.0",
        "crelt": "^1.0.5"
      }
    },
    "@codemirror/state": {
      "version": "6.1.1",
      "resolved": "https://registry.npmjs.org/@codemirror/state/-/state-6.1.1.tgz",
      "integrity": "sha512-2s+aXsxmAwnR3Rd+JDHPG/1lw0YsA9PEwl7Re88gHJHGfxyfEzKBmsN4rr53RyPIR4lzbbhJX0DCq0WlqlBIRw=="
    },
    "@codemirror/text": {
      "version": "0.19.6",
      "resolved": "https://registry.npmjs.org/@codemirror/text/-/text-0.19.6.tgz",
      "integrity": "sha512-T9jnREMIygx+TPC1bOuepz18maGq/92q2a+n4qTqObKwvNMg+8cMTslb8yxeEDEq7S3kpgGWxgO1UWbQRij0dA=="
    },
    "@codemirror/theme-one-dark": {
      "version": "6.1.0",
      "resolved": "https://registry.npmjs.org/@codemirror/theme-one-dark/-/theme-one-dark-6.1.0.tgz",
      "integrity": "sha512-AiTHtFRu8+vWT9wWUWDM+cog6ZwgivJogB1Tm/g40NIpLwph7AnmxrSzWfvJN5fBVufsuwBxecQCNmdcR5D7Aw==",
      "requires": {
        "@codemirror/language": "^6.0.0",
        "@codemirror/state": "^6.0.0",
        "@codemirror/view": "^6.0.0",
        "@lezer/highlight": "^1.0.0"
      }
    },
    "@codemirror/view": {
      "version": "6.2.4",
      "resolved": "https://registry.npmjs.org/@codemirror/view/-/view-6.2.4.tgz",
      "integrity": "sha512-Zc5qDv+CD2ubWs6ShGJL0tf4y2w5vObdg7Eus0ouhg9g5lrvsAnwO9PvavDZdK4bpH6O+cnNDRhFlvDuieXo/g==",
      "requires": {
        "@codemirror/state": "^6.0.0",
        "style-mod": "^4.0.0",
        "w3c-keyname": "^2.2.4"
      }
    },
    "@lezer/common": {
      "version": "1.0.1",
      "resolved": "https://registry.npmjs.org/@lezer/common/-/common-1.0.1.tgz",
      "integrity": "sha512-8TR5++Q/F//tpDsLd5zkrvEX5xxeemafEaek7mUp7Y+bI8cKQXdSqhzTOBaOogETcMOVr0pT3BBPXp13477ciw=="
    },
    "@lezer/highlight": {
      "version": "1.0.0",
      "resolved": "https://registry.npmjs.org/@lezer/highlight/-/highlight-1.0.0.tgz",
      "integrity": "sha512-nsCnNtim90UKsB5YxoX65v3GEIw3iCHw9RM2DtdgkiqAbKh9pCdvi8AWNwkYf10Lu6fxNhXPpkpHbW6mihhvJA==",
      "requires": {
        "@lezer/common": "^1.0.0"
      }
    },
    "@lezer/javascript": {
      "version": "1.0.2",
      "resolved": "https://registry.npmjs.org/@lezer/javascript/-/javascript-1.0.2.tgz",
      "integrity": "sha512-IjOVeIRhM8IuafWNnk+UzRz7p4/JSOKBNINLYLsdSGuJS9Ju7vFdc82AlTt0jgtV5D8eBZf4g0vK4d3ttBNz7A==",
      "requires": {
        "@lezer/highlight": "^1.0.0",
        "@lezer/lr": "^1.0.0"
      }
    },
    "@lezer/lr": {
      "version": "1.2.3",
      "resolved": "https://registry.npmjs.org/@lezer/lr/-/lr-1.2.3.tgz",
      "integrity": "sha512-qpB7rBzH8f6Mzjv2AVZRahcm+2Cf7nbIH++uXbvVOL1yIRvVWQ3HAM/saeBLCyz/togB7LGo76qdJYL1uKQlqA==",
      "requires": {
        "@lezer/common": "^1.0.0"
      }
    },
    "@types/codemirror": {
      "version": "5.60.5",
      "resolved": "https://registry.npmjs.org/@types/codemirror/-/codemirror-5.60.5.tgz",
      "integrity": "sha512-TiECZmm8St5YxjFUp64LK0c8WU5bxMDt9YaAek1UqUb9swrSCoJhh92fWu1p3mTEqlHjhB5sY7OFBhWroJXZVg==",
      "dev": true,
      "requires": {
        "@types/tern": "*"
      }
    },
    "@types/estree": {
      "version": "1.0.0",
      "resolved": "https://registry.npmjs.org/@types/estree/-/estree-1.0.0.tgz",
      "integrity": "sha512-WulqXMDUTYAXCjZnk6JtIHPigp55cVtDgDrO2gHRwhyJto21+1zbVCtOYB2L1F9w4qCQ0rOGWBnBe0FNTiEJIQ==",
      "dev": true
    },
    "@types/node": {
      "version": "18.7.18",
      "resolved": "https://registry.npmjs.org/@types/node/-/node-18.7.18.tgz",
      "integrity": "sha512-m+6nTEOadJZuTPkKR/SYK3A2d7FZrgElol9UP1Kae90VVU4a6mxnPuLiIW1m4Cq4gZ/nWb9GrdVXJCoCazDAbg==",
      "dev": true
    },
    "@types/tern": {
      "version": "0.23.4",
      "resolved": "https://registry.npmjs.org/@types/tern/-/tern-0.23.4.tgz",
      "integrity": "sha512-JAUw1iXGO1qaWwEOzxTKJZ/5JxVeON9kvGZ/osgZaJImBnyjyn0cjovPsf6FNLmyGY8Vw9DoXZCMlfMkMwHRWg==",
      "dev": true,
      "requires": {
        "@types/estree": "*"
      }
    },
    "codemirror": {
      "version": "6.0.1",
      "resolved": "https://registry.npmjs.org/codemirror/-/codemirror-6.0.1.tgz",
      "integrity": "sha512-J8j+nZ+CdWmIeFIGXEFbFPtpiYacFMDR8GlHK3IyHQJMCaVRfGx9NT+Hxivv1ckLWPvNdZqndbr/7lVhrf/Svg==",
      "requires": {
        "@codemirror/autocomplete": "^6.0.0",
        "@codemirror/commands": "^6.0.0",
        "@codemirror/language": "^6.0.0",
        "@codemirror/lint": "^6.0.0",
        "@codemirror/search": "^6.0.0",
        "@codemirror/state": "^6.0.0",
        "@codemirror/view": "^6.0.0"
      }
    },
    "crelt": {
      "version": "1.0.5",
      "resolved": "https://registry.npmjs.org/crelt/-/crelt-1.0.5.tgz",
      "integrity": "sha512-+BO9wPPi+DWTDcNYhr/W90myha8ptzftZT+LwcmUbbok0rcP/fequmFYCw8NMoH7pkAZQzU78b3kYrlua5a9eA=="
    },
    "function-bind": {
      "version": "1.1.1",
      "resolved": "https://registry.npmjs.org/function-bind/-/function-bind-1.1.1.tgz",
      "integrity": "sha512-yIovAzMX49sF8Yl58fSCWJ5svSLuaibPxXQJFLmBObTuCr0Mf1KiPopGM9NiFjiYBCbfaa2Fh6breQ6ANVTI0A==",
      "dev": true
    },
    "has": {
      "version": "1.0.3",
      "resolved": "https://registry.npmjs.org/has/-/has-1.0.3.tgz",
      "integrity": "sha512-f2dvO0VU6Oej7RkWJGrehjbzMAjFp5/VKPp5tTpWIV4JHHZK1/BxbFRtf/siA2SWTe09caDmVtYYzWEIbBS4zw==",
      "dev": true,
      "requires": {
        "function-bind": "^1.1.1"
      }
    },
    "hydra-ts": {
      "version": "1.0.0",
      "resolved": "https://registry.npmjs.org/hydra-ts/-/hydra-ts-1.0.0.tgz",
      "integrity": "sha512-qJXbIogzOXL8GIJauggAuuwPSqKdWsjlpHQ+oJt+dUo2bbRuvwFRQHAXld0BKU6a+9dZ2Kw2EWLyUi8pPKt13Q==",
      "requires": {
        "regl": "^1.3.9"
      },
      "dependencies": {
        "regl": {
          "version": "1.7.0",
          "resolved": "https://registry.npmjs.org/regl/-/regl-1.7.0.tgz",
          "integrity": "sha512-bEAtp/qrtKucxXSJkD4ebopFZYP0q1+3Vb2WECWv/T8yQEgKxDxJ7ztO285tAMaYZVR6mM1GgI6CCn8FROtL1w=="
        }
      }
    },
    "is-core-module": {
      "version": "2.10.0",
      "resolved": "https://registry.npmjs.org/is-core-module/-/is-core-module-2.10.0.tgz",
      "integrity": "sha512-Erxj2n/LDAZ7H8WNJXd9tw38GYM3dv8rk8Zcs+jJuxYTW7sozH+SS8NtrSjVL1/vpLvWi1hxy96IzjJ3EHTJJg==",
      "dev": true,
      "requires": {
        "has": "^1.0.3"
      }
    },
    "nanoid": {
      "version": "3.3.4",
      "resolved": "https://registry.npmjs.org/nanoid/-/nanoid-3.3.4.tgz",
      "integrity": "sha512-MqBkQh/OHTS2egovRtLk45wEyNXwF+cokD+1YPf9u5VfJiRdAiRwB2froX5Co9Rh20xs4siNPm8naNotSD6RBw==",
      "dev": true
    },
    "path-parse": {
      "version": "1.0.7",
      "resolved": "https://registry.npmjs.org/path-parse/-/path-parse-1.0.7.tgz",
      "integrity": "sha512-LDJzPVEEEPR+y48z93A0Ed0yXb8pAByGWo/k5YYdYgpY2/2EsOsksJrq7lOHxryrVOn1ejG6oAp8ahvOIQD8sw==",
      "dev": true
    },
    "picocolors": {
      "version": "1.0.0",
      "resolved": "https://registry.npmjs.org/picocolors/-/picocolors-1.0.0.tgz",
      "integrity": "sha512-1fygroTLlHu66zi26VoTDv8yRgm0Fccecssto+MhsZ0D/DGW2sm8E8AjW7NU5VVTRt5GxbeZ5qBuJr+HyLYkjQ==",
      "dev": true
    },
    "postcss": {
      "version": "8.4.16",
      "resolved": "https://registry.npmjs.org/postcss/-/postcss-8.4.16.tgz",
      "integrity": "sha512-ipHE1XBvKzm5xI7hiHCZJCSugxvsdq2mPnsq5+UF+VHCjiBvtDrlxJfMBToWaP9D5XlgNmcFGqoHmUn0EYEaRQ==",
      "dev": true,
      "requires": {
        "nanoid": "^3.3.4",
        "picocolors": "^1.0.0",
        "source-map-js": "^1.0.2"
      }
    },
    "regl": {
      "version": "2.1.0",
      "resolved": "https://registry.npmjs.org/regl/-/regl-2.1.0.tgz",
      "integrity": "sha512-oWUce/aVoEvW5l2V0LK7O5KJMzUSKeiOwFuJehzpSFd43dO5spP9r+sSUfhKtsky4u6MCqWJaRL+abzExynfTg=="
    },
    "resolve": {
      "version": "1.22.1",
      "resolved": "https://registry.npmjs.org/resolve/-/resolve-1.22.1.tgz",
      "integrity": "sha512-nBpuuYuY5jFsli/JIs1oldw6fOQCBioohqWZg/2hiaOybXOft4lonv85uDOKXdf8rhyK159cxU5cDcK/NKk8zw==",
      "dev": true,
      "requires": {
        "is-core-module": "^2.9.0",
        "path-parse": "^1.0.7",
        "supports-preserve-symlinks-flag": "^1.0.0"
      }
    },
    "rollup": {
      "version": "2.78.1",
      "resolved": "https://registry.npmjs.org/rollup/-/rollup-2.78.1.tgz",
      "integrity": "sha512-VeeCgtGi4P+o9hIg+xz4qQpRl6R401LWEXBmxYKOV4zlF82lyhgh2hTZnheFUbANE8l2A41F458iwj2vEYaXJg==",
      "dev": true,
      "requires": {
        "fsevents": "~2.3.2"
      }
    },
    "source-map-js": {
      "version": "1.0.2",
      "resolved": "https://registry.npmjs.org/source-map-js/-/source-map-js-1.0.2.tgz",
      "integrity": "sha512-R0XvVJ9WusLiqTCEiGCmICCMplcCkIwwR11mOSD9CR5u+IXYdiseeEuXCVAjS54zqwkLcPNnmU4OeJ6tUrWhDw==",
      "dev": true
    },
    "style-mod": {
      "version": "4.0.0",
      "resolved": "https://registry.npmjs.org/style-mod/-/style-mod-4.0.0.tgz",
      "integrity": "sha512-OPhtyEjyyN9x3nhPsu76f52yUGXiZcgvsrFVtvTkyGRQJ0XK+GPc6ov1z+lRpbeabka+MYEQxOYRnt5nF30aMw=="
    },
    "supports-preserve-symlinks-flag": {
      "version": "1.0.0",
      "resolved": "https://registry.npmjs.org/supports-preserve-symlinks-flag/-/supports-preserve-symlinks-flag-1.0.0.tgz",
      "integrity": "sha512-ot0WnXS9fgdkgIcePe6RHNk1WA8+muPa6cSjeR3V8K27q9BB1rTE3R1p7Hv0z1ZyAc8s6Vvv8DIyWf681MAt0w==",
      "dev": true
    },
    "typescript": {
      "version": "4.8.3",
      "resolved": "https://registry.npmjs.org/typescript/-/typescript-4.8.3.tgz",
      "integrity": "sha512-goMHfm00nWPa8UvR/CPSvykqf6dVV8x/dp0c5mFTMTIu0u0FlGWRioyy7Nn0PGAdHxpJZnuO/ut+PpQ8UiHAig==",
      "dev": true
    },
    "vite": {
      "version": "3.1.3",
      "resolved": "https://registry.npmjs.org/vite/-/vite-3.1.3.tgz",
      "integrity": "sha512-/3XWiktaopByM5bd8dqvHxRt5EEgRikevnnrpND0gRfNkrMrPaGGexhtLCzv15RcCMtV2CLw+BPas8YFeSG0KA==",
      "dev": true,
      "requires": {
        "esbuild": "^0.15.6",
        "fsevents": "~2.3.2",
        "postcss": "^8.4.16",
        "resolve": "^1.22.1",
        "rollup": "~2.78.0"
      },
      "dependencies": {
        "esbuild": {
          "version": "0.15.8",
          "resolved": "https://registry.npmjs.org/esbuild/-/esbuild-0.15.8.tgz",
          "integrity": "sha512-Remsk2dmr1Ia65sU+QasE6svJbsHe62lzR+CnjpUvbZ+uSYo1SitiOWPRfZQkCu82YWZBBKXiD/j0i//XWMZ+Q==",
          "dev": true,
          "requires": {
            "@esbuild/android-arm": "0.15.8",
            "@esbuild/linux-loong64": "0.15.8",
            "esbuild-android-64": "0.15.8",
            "esbuild-android-arm64": "0.15.8",
            "esbuild-darwin-64": "0.15.8",
            "esbuild-darwin-arm64": "0.15.8",
            "esbuild-freebsd-64": "0.15.8",
            "esbuild-freebsd-arm64": "0.15.8",
            "esbuild-linux-32": "0.15.8",
            "esbuild-linux-64": "0.15.8",
            "esbuild-linux-arm": "0.15.8",
            "esbuild-linux-arm64": "0.15.8",
            "esbuild-linux-mips64le": "0.15.8",
            "esbuild-linux-ppc64le": "0.15.8",
            "esbuild-linux-riscv64": "0.15.8",
            "esbuild-linux-s390x": "0.15.8",
            "esbuild-netbsd-64": "0.15.8",
            "esbuild-openbsd-64": "0.15.8",
            "esbuild-sunos-64": "0.15.8",
            "esbuild-windows-32": "0.15.8",
            "esbuild-windows-64": "0.15.8",
            "esbuild-windows-arm64": "0.15.8"
          }
        },
        "esbuild-windows-64": {
          "version": "0.15.8",
          "resolved": "https://registry.npmjs.org/esbuild-windows-64/-/esbuild-windows-64-0.15.8.tgz",
          "integrity": "sha512-ag9ptYrsizgsR+PQE8QKeMqnosLvAMonQREpLw4evA4FFgOBMLEat/dY/9txbpozTw9eEOYyD3a4cE9yTu20FA==",
          "dev": true,
          "optional": true
        }
      }
    },
    "w3c-keyname": {
      "version": "2.2.6",
      "resolved": "https://registry.npmjs.org/w3c-keyname/-/w3c-keyname-2.2.6.tgz",
      "integrity": "sha512-f+fciywl1SJEniZHD6H+kUO8gOnwIr7f4ijKA6+ZvJFjeGi1r4PDLl53Ayud9O/rk64RqgoQine0feoeOU0kXg=="
    }
  }
}
